{
    "_meta": {
        "hash": {
            "sha256": "30874f84f845fe3bcc5c1d42c905d285b3bc1c24ecbc373dfb90c94b532bcb76"
        },
        "pipfile-spec": 6,
        "requires": {
            "python_version": "3.7"
        },
        "sources": [
            {
                "name": "pypi",
                "url": "https://pypi.org/simple",
                "verify_ssl": true
            }
        ]
    },
    "default": {
        "sphinx": {
            "file": "file:///Users/m.ubaidullah/Desktop/projects/weekend-projects/sphinx"
        }
    },
    "develop": {}
}
